
Microsoft Visual Studio Solution File, Format Version 12.00
# Visual Studio Version 16
VisualStudioVersion = 16.0.30330.147
MinimumVisualStudioVersion = 10.0.40219.1
Project("{FAE04EC0-301F-11D3-BF4B-00C04F79EFBC}") = "PrecisionHelper", "PrecisionHelper\PrecisionHelper.csproj", "{24ED6248-990A-4E12-9837-638717BB837B}"
EndProject
Project("{FAE04EC0-301F-11D3-BF4B-00C04F79EFBC}") = "Tests", "Tests\Tests.csproj", "{4D447213-92F3-4BE8-9E13-2D9791E42126}"
EndProject
Global
	GlobalSection(SolutionConfigurationPlatforms) = preSolution
		Debug|Any CPU = Debug|Any CPU
		Release|Any CPU = Release|Any CPU
	EndGlobalSection
	GlobalSection(ProjectConfigurationPlatforms) = postSolution
		{24ED6248-990A-4E12-9837-638717BB837B}.Debug|Any CPU.ActiveCfg = Debug|Any CPU
		{24ED6248-990A-4E12-9837-638717BB837B}.Debug|Any CPU.Build.0 = Debug|Any CPU
		{24ED6248-990A-4E12-9837-638717BB837B}.Release|Any CPU.ActiveCfg = Release|Any CPU
		{24ED6248-990A-4E12-9837-638717BB837B}.Release|Any CPU.Build.0 = Release|Any CPU
		{4D447213-92F3-4BE8-9E13-2D9791E42126}.Debug|Any CPU.ActiveCfg = Debug|Any CPU
		{4D447213-92F3-4BE8-9E13-2D9791E42126}.Debug|Any CPU.Build.0 = Debug|Any CPU
		{4D447213-92F3-4BE8-9E13-2D9791E42126}.Release|Any CPU.ActiveCfg = Release|Any CPU
		{4D447213-92F3-4BE8-9E13-2D9791E42126}.Release|Any CPU.Build.0 = Release|Any CPU
	EndGlobalSection
	GlobalSection(SolutionProperties) = preSolution
		HideSolutionNode = FALSE
	EndGlobalSection
	GlobalSection(ExtensibilityGlobals) = postSolution
		SolutionGuid = {D094167D-91D8-465B-9349-B6060CF94DE5}
	EndGlobalSection
EndGlobal
